// !$*UTF8*$!
{
	archiveVersion = 1;
	classes = {
	};
	objectVersion = 55;
	objects = {

/* Begin PBXBuildFile section */
		67845FFA27D3C49B00A028EB /* AppDelegate.swift in Sources */ = {isa = PBXBuildFile; fileRef = 67845FF927D3C49B00A028EB /* AppDelegate.swift */; };
		67845FFC27D3C49B00A028EB /* SceneDelegate.swift in Sources */ = {isa = PBXBuildFile; fileRef = 67845FFB27D3C49B00A028EB /* SceneDelegate.swift */; };
		67845FFE27D3C49B00A028EB /* ViewController.swift in Sources */ = {isa = PBXBuildFile; fileRef = 67845FFD27D3C49B00A028EB /* ViewController.swift */; };
		6784600127D3C49B00A028EB /* Main.storyboard in Resources */ = {isa = PBXBuildFile; fileRef = 67845FFF27D3C49B00A028EB /* Main.storyboard */; };
		6784600327D3C49C00A028EB /* Assets.xcassets in Resources */ = {isa = PBXBuildFile; fileRef = 6784600227D3C49C00A028EB /* Assets.xcassets */; };
		6784600627D3C49C00A028EB /* LaunchScreen.storyboard in Resources */ = {isa = PBXBuildFile; fileRef = 6784600427D3C49C00A028EB /* LaunchScreen.storyboard */; };
		67B682F527D3E83500DC06A2 /* UIButton+taskButton.swift in Sources */ = {isa = PBXBuildFile; fileRef = 67B682F427D3E83400DC06A2 /* UIButton+taskButton.swift */; };
		67B682F727D3F65600DC06A2 /* Task1VC.swift in Sources */ = {isa = PBXBuildFile; fileRef = 67B682F627D3F65600DC06A2 /* Task1VC.swift */; };
		67B682F927D3F82800DC06A2 /* Task1VC.storyboard in Resources */ = {isa = PBXBuildFile; fileRef = 67B682F827D3F82800DC06A2 /* Task1VC.storyboard */; };
/* End PBXBuildFile section */

/* Begin PBXFileReference section */
		67845FF627D3C49B00A028EB /* hwk16_Burger.app */ = {isa = PBXFileReference; explicitFileType = wrapper.application; includeInIndex = 0; path = hwk16_Burger.app; sourceTree = BUILT_PRODUCTS_DIR; };
		67845FF927D3C49B00A028EB /* AppDelegate.swift */ = {isa = PBXFileReference; lastKnownFileType = sourcecode.swift; path = AppDelegate.swift; sourceTree = "<group>"; };
		67845FFB27D3C49B00A028EB /* SceneDelegate.swift */ = {isa = PBXFileReference; lastKnownFileType = sourcecode.swift; path = SceneDelegate.swift; sourceTree = "<group>"; };
		67845FFD27D3C49B00A028EB /* ViewController.swift */ = {isa = PBXFileReference; lastKnownFileType = sourcecode.swift; path = ViewController.swift; sourceTree = "<group>"; };
		6784600027D3C49B00A028EB /* Base */ = {isa = PBXFileReference; lastKnownFileType = file.storyboard; name = Base; path = Base.lproj/Main.storyboard; sourceTree = "<group>"; };
		6784600227D3C49C00A028EB /* Assets.xcassets */ = {isa = PBXFileReference; lastKnownFileType = folder.assetcatalog; path = Assets.xcassets; sourceTree = "<group>"; };
		6784600527D3C49C00A028EB /* Base */ = {isa = PBXFileReference; lastKnownFileType = file.storyboard; name = Base; path = Base.lproj/LaunchScreen.storyboard; sourceTree = "<group>"; };
		6784600727D3C49C00A028EB /* Info.plist */ = {isa = PBXFileReference; lastKnownFileType = text.plist.xml; path = Info.plist; sourceTree = "<group>"; };
		67B682F427D3E83400DC06A2 /* UIButton+taskButton.swift */ = {isa = PBXFileReference; lastKnownFileType = sourcecode.swift; path = "UIButton+taskButton.swift"; sourceTree = "<group>"; };
		67B682F627D3F65600DC06A2 /* Task1VC.swift */ = {isa = PBXFileReference; lastKnownFileType = sourcecode.swift; path = Task1VC.swift; sourceTree = "<group>"; };
		67B682F827D3F82800DC06A2 /* Task1VC.storyboard */ = {isa = PBXFileReference; lastKnownFileType = file.storyboard; path = Task1VC.storyboard; sourceTree = "<group>"; };
/* End PBXFileReference section */

/* Begin PBXFrameworksBuildPhase section */
		67845FF327D3C49B00A028EB /* Frameworks */ = {
			isa = PBXFrameworksBuildPhase;
			buildActionMask = 2147483647;
			files = (
			);
			runOnlyForDeploymentPostprocessing = 0;
		};
/* End PBXFrameworksBuildPhase section */

/* Begin PBXGroup section */
		67845FED27D3C49B00A028EB = {
			isa = PBXGroup;
			children = (
				67845FF827D3C49B00A028EB /* hwk16_Burger */,
				67845FF727D3C49B00A028EB /* Products */,
			);
			sourceTree = "<group>";
		};
		67845FF727D3C49B00A028EB /* Products */ = {
			isa = PBXGroup;
			children = (
				67845FF627D3C49B00A028EB /* hwk16_Burger.app */,
			);
			name = Products;
			sourceTree = "<group>";
		};
		67845FF827D3C49B00A028EB /* hwk16_Burger */ = {
			isa = PBXGroup;
			children = (
				67845FF927D3C49B00A028EB /* AppDelegate.swift */,
				67845FFB27D3C49B00A028EB /* SceneDelegate.swift */,
				67B682F427D3E83400DC06A2 /* UIButton+taskButton.swift */,
				67B682FA27D3F83A00DC06A2 /* Task1VC */,
				67845FFD27D3C49B00A028EB /* ViewController.swift */,
				67845FFF27D3C49B00A028EB /* Main.storyboard */,
				6784600227D3C49C00A028EB /* Assets.xcassets */,
				6784600427D3C49C00A028EB /* LaunchScreen.storyboard */,
				6784600727D3C49C00A028EB /* Info.plist */,
			);
			path = hwk16_Burger;
			sourceTree = "<group>";
		};
		67B682FA27D3F83A00DC06A2 /* Task1VC */ = {
			isa = PBXGroup;
			children = (
				67B682F627D3F65600DC06A2 /* Task1VC.swift */,
				67B682F827D3F82800DC06A2 /* Task1VC.storyboard */,
			);
			path = Task1VC;
			sourceTree = "<group>";
		};
/* End PBXGroup section */

/* Begin PBXNativeTarget section */
		67845FF527D3C49B00A028EB /* hwk16_Burger */ = {
			isa = PBXNativeTarget;
			buildConfigurationList = 6784600A27D3C49C00A028EB /* Build configuration list for PBXNativeTarget "hwk16_Burger" */;
			buildPhases = (
				67845FF227D3C49B00A028EB /* Sources */,
				67845FF327D3C49B00A028EB /* Frameworks */,
				67845FF427D3C49B00A028EB /* Resources */,
			);
			buildRules = (
			);
			dependencies = (
			);
			name = hwk16_Burger;
			productName = hwk16_Burger;
			productReference = 67845FF627D3C49B00A028EB /* hwk16_Burger.app */;
			productType = "com.apple.product-type.application";
		};
/* End PBXNativeTarget section */

/* Begin PBXProject section */
		67845FEE27D3C49B00A028EB /* Project object */ = {
			isa = PBXProject;
			attributes = {
				BuildIndependentTargetsInParallel = 1;
				LastSwiftUpdateCheck = 1310;
				LastUpgradeCheck = 1310;
				TargetAttributes = {
					67845FF527D3C49B00A028EB = {
						CreatedOnToolsVersion = 13.1;
					};
				};
			};
			buildConfigurationList = 67845FF127D3C49B00A028EB /* Build configuration list for PBXProject "hwk16_Burger" */;
			compatibilityVersion = "Xcode 13.0";
			developmentRegion = en;
			hasScannedForEncodings = 0;
			knownRegions = (
				en,
				Base,
			);
			mainGroup = 67845FED27D3C49B00A028EB;
			productRefGroup = 67845FF727D3C49B00A028EB /* Products */;
			projectDirPath = "";
			projectRoot = "";
			targets = (
				67845FF527D3C49B00A028EB /* hwk16_Burger */,
			);
		};
/* End PBXProject section */

/* Begin PBXResourcesBuildPhase section */
		67845FF427D3C49B00A028EB /* Resources */ = {
			isa = PBXResourcesBuildPhase;
			buildActionMask = 2147483647;
			files = (
				6784600627D3C49C00A028EB /* LaunchScreen.storyboard in Resources */,
				6784600327D3C49C00A028EB /* Assets.xcassets in Resources */,
				67B682F927D3F82800DC06A2 /* Task1VC.storyboard in Resources */,
				6784600127D3C49B00A028EB /* Main.storyboard in Resources */,
			);
			runOnlyForDeploymentPostprocessing = 0;
		};
/* End PBXResourcesBuildPhase section */

/* Begin PBXSourcesBuildPhase section */
		67845FF227D3C49B00A028EB /* Sources */ = {
			isa = PBXSourcesBuildPhase;
			buildActionMask = 2147483647;
			files = (
				67B682F527D3E83500DC06A2 /* UIButton+taskButton.swift in Sources */,
				67845FFE27D3C49B00A028EB /* ViewController.swift in Sources */,
				67845FFA27D3C49B00A028EB /* AppDelegate.swift in Sources */,
				67845FFC27D3C49B00A028EB /* SceneDelegate.swift in Sources */,
				67B682F727D3F65600DC06A2 /* Task1VC.swift in Sources */,
			);
			runOnlyForDeploymentPostprocessing = 0;
		};
/* End PBXSourcesBuildPhase section */

/* Begin PBXVariantGroup section */
		67845FFF27D3C49B00A028EB /* Main.storyboard */ = {
			isa = PBXVariantGroup;
			children = (
				6784600027D3C49B00A028EB /* Base */,
			);
			name = Main.storyboard;
			sourceTree = "<group>";
		};
		6784600427D3C49C00A028EB /* LaunchScreen.storyboard */ = {
			isa = PBXVariantGroup;
			children = (
				6784600527D3C49C00A028EB /* Base */,
			);
			name = LaunchScreen.storyboard;
			sourceTree = "<group>";
		};
/* End PBXVariantGroup section */

/* Begin XCBuildConfiguration section */
		6784600827D3C49C00A028EB /* Debug */ = {
			isa = XCBuildConfiguration;
			buildSettings = {
				ALWAYS_SEARCH_USER_PATHS = NO;
				CLANG_ANALYZER_NONNULL = YES;
				CLANG_ANALYZER_NUMBER_OBJECT_CONVERSION = YES_AGGRESSIVE;
				CLANG_CXX_LANGUAGE_STANDARD = "gnu++17";
				CLANG_CXX_LIBRARY = "libc++";
				CLANG_ENABLE_MODULES = YES;
				CLANG_ENABLE_OBJC_ARC = YES;
				CLANG_ENABLE_OBJC_WEAK = YES;
				CLANG_WARN_BLOCK_CAPTURE_AUTORELEASING = YES;
				CLANG_WARN_BOOL_CONVERSION = YES;
				CLANG_WARN_COMMA = YES;
				CLANG_WARN_CONSTANT_CONVERSION = YES;
				CLANG_WARN_DEPRECATED_OBJC_IMPLEMENTATIONS = YES;
				CLANG_WARN_DIRECT_OBJC_ISA_USAGE = YES_ERROR;
				CLANG_WARN_DOCUMENTATION_COMMENTS = YES;
				CLANG_WARN_EMPTY_BODY = YES;
				CLANG_WARN_ENUM_CONVERSION = YES;
				CLANG_WARN_INFINITE_RECURSION = YES;
				CLANG_WARN_INT_CONVERSION = YES;
				CLANG_WARN_NON_LITERAL_NULL_CONVERSION = YES;
				CLANG_WARN_OBJC_IMPLICIT_RETAIN_SELF = YES;
				CLANG_WARN_OBJC_LITERAL_CONVERSION = YES;
				CLANG_WARN_OBJC_ROOT_CLASS = YES_ERROR;
				CLANG_WARN_QUOTED_INCLUDE_IN_FRAMEWORK_HEADER = YES;
				CLANG_WARN_RANGE_LOOP_ANALYSIS = YES;
				CLANG_WARN_STRICT_PROTOTYPES = YES;
				CLANG_WARN_SUSPICIOUS_MOVE = YES;
				CLANG_WARN_UNGUARDED_AVAILABILITY = YES_AGGRESSIVE;
				CLANG_WARN_UNREACHABLE_CODE = YES;
				CLANG_WARN__DUPLICATE_METHOD_MATCH = YES;
				COPY_PHASE_STRIP = NO;
				DEBUG_INFORMATION_FORMAT = dwarf;
				ENABLE_STRICT_OBJC_MSGSEND = YES;
				ENABLE_TESTABILITY = YES;
				GCC_C_LANGUAGE_STANDARD = gnu11;
				GCC_DYNAMIC_NO_PIC = NO;
				GCC_NO_COMMON_BLOCKS = YES;
				GCC_OPTIMIZATION_LEVEL = 0;
				GCC_PREPROCESSOR_DEFINITIONS = (
					"DEBUG=1",
					"$(inherited)",
				);
				GCC_WARN_64_TO_32_BIT_CONVERSION = YES;
				GCC_WARN_ABOUT_RETURN_TYPE = YES_ERROR;
				GCC_WARN_UNDECLARED_SELECTOR = YES;
				GCC_WARN_UNINITIALIZED_AUTOS = YES_AGGRESSIVE;
				GCC_WARN_UNUSED_FUNCTION = YES;
				GCC_WARN_UNUSED_VARIABLE = YES;
				IPHONEOS_DEPLOYMENT_TARGET = 15.0;
				MTL_ENABLE_DEBUG_INFO = INCLUDE_SOURCE;
				MTL_FAST_MATH = YES;
				ONLY_ACTIVE_ARCH = YES;
				SDKROOT = iphoneos;
				SWIFT_ACTIVE_COMPILATION_CONDITIONS = DEBUG;
				SWIFT_OPTIMIZATION_LEVEL = "-Onone";
			};
			name = Debug;
		};
		6784600927D3C49C00A028EB /* Release */ = {
			isa = XCBuildConfiguration;
			buildSettings = {
				ALWAYS_SEARCH_USER_PATHS = NO;
				CLANG_ANALYZER_NONNULL = YES;
				CLANG_ANALYZER_NUMBER_OBJECT_CONVERSION = YES_AGGRESSIVE;
				CLANG_CXX_LANGUAGE_STANDARD = "gnu++17";
				CLANG_CXX_LIBRARY = "libc++";
				CLANG_ENABLE_MODULES = YES;
				CLANG_ENABLE_OBJC_ARC = YES;
				CLANG_ENABLE_OBJC_WEAK = YES;
				CLANG_WARN_BLOCK_CAPTURE_AUTORELEASING = YES;
				CLANG_WARN_BOOL_CONVERSION = YES;
				CLANG_WARN_COMMA = YES;
				CLANG_WARN_CONSTANT_CONVERSION = YES;
				CLANG_WARN_DEPRECATED_OBJC_IMPLEMENTATIONS = YES;
				CLANG_WARN_DIRECT_OBJC_ISA_USAGE = YES_ERROR;
				CLANG_WARN_DOCUMENTATION_COMMENTS = YES;
				CLANG_WARN_EMPTY_BODY = YES;
				CLANG_WARN_ENUM_CONVERSION = YES;
				CLANG_WARN_INFINITE_RECURSION = YES;
				CLANG_WARN_INT_CONVERSION = YES;
				CLANG_WARN_NON_LITERAL_NULL_CONVERSION = YES;
				CLANG_WARN_OBJC_IMPLICIT_RETAIN_SELF = YES;
				CLANG_WARN_OBJC_LITERAL_CONVERSION = YES;
				CLANG_WARN_OBJC_ROOT_CLASS = YES_ERROR;
				CLANG_WARN_QUOTED_INCLUDE_IN_FRAMEWORK_HEADER = YES;
				CLANG_WARN_RANGE_LOOP_ANALYSIS = YES;
				CLANG_WARN_STRICT_PROTOTYPES = YES;
				CLANG_WARN_SUSPICIOUS_MOVE = YES;
				CLANG_WARN_UNGUARDED_AVAILABILITY = YES_AGGRESSIVE;
				CLANG_WARN_UNREACHABLE_CODE = YES;
				CLANG_WARN__DUPLICATE_METHOD_MATCH = YES;
				COPY_PHASE_STRIP = NO;
				DEBUG_INFORMATION_FORMAT = "dwarf-with-dsym";
				ENABLE_NS_ASSERTIONS = NO;
				ENABLE_STRICT_OBJC_MSGSEND = YES;
				GCC_C_LANGUAGE_STANDARD = gnu11;
				GCC_NO_COMMON_BLOCKS = YES;
				GCC_WARN_64_TO_32_BIT_CONVERSION = YES;
				GCC_WARN_ABOUT_RETURN_TYPE = YES_ERROR;
				GCC_WARN_UNDECLARED_SELECTOR = YES;
				GCC_WARN_UNINITIALIZED_AUTOS = YES_AGGRESSIVE;
				GCC_WARN_UNUSED_FUNCTION = YES;
				GCC_WARN_UNUSED_VARIABLE = YES;
				IPHONEOS_DEPLOYMENT_TARGET = 15.0;
				MTL_ENABLE_DEBUG_INFO = NO;
				MTL_FAST_MATH = YES;
				SDKROOT = iphoneos;
				SWIFT_COMPILATION_MODE = wholemodule;
				SWIFT_OPTIMIZATION_LEVEL = "-O";
				VALIDATE_PRODUCT = YES;
			};
			name = Release;
		};
		6784600B27D3C49C00A028EB /* Debug */ = {
			isa = XCBuildConfiguration;
			buildSettings = {
				ASSETCATALOG_COMPILER_APPICON_NAME = AppIcon;
				ASSETCATALOG_COMPILER_GLOBAL_ACCENT_COLOR_NAME = AccentColor;
				CODE_SIGN_STYLE = Automatic;
				CURRENT_PROJECT_VERSION = 1;
				DEVELOPMENT_TEAM = 67A656CXMY;
				GENERATE_INFOPLIST_FILE = YES;
				INFOPLIST_FILE = hwk16_Burger/Info.plist;
				INFOPLIST_KEY_UIApplicationSupportsIndirectInputEvents = YES;
				INFOPLIST_KEY_UILaunchStoryboardName = LaunchScreen;
				INFOPLIST_KEY_UIMainStoryboardFile = Main;
				INFOPLIST_KEY_UISupportedInterfaceOrientations = UIInterfaceOrientationPortrait;
				INFOPLIST_KEY_UISupportedInterfaceOrientations_iPad = "UIInterfaceOrientationPortrait UIInterfaceOrientationPortraitUpsideDown UIInterfaceOrientationLandscapeLeft UIInterfaceOrientationLandscapeRight";
				INFOPLIST_KEY_UISupportedInterfaceOrientations_iPhone = "UIInterfaceOrientationPortrait UIInterfaceOrientationLandscapeLeft UIInterfaceOrientationLandscapeRight";
				LD_RUNPATH_SEARCH_PATHS = (
					"$(inherited)",
					"@executable_path/Frameworks",
				);
				MARKETING_VERSION = 1.0;
				PRODUCT_BUNDLE_IDENTIFIER = "Kyzu.hwk16-Burger";
				PRODUCT_NAME = "$(TARGET_NAME)";
				SWIFT_EMIT_LOC_STRINGS = YES;
				SWIFT_VERSION = 5.0;
				TARGETED_DEVICE_FAMILY = "1,2";
			};
			name = Debug;
		};
		6784600C27D3C49C00A028EB /* Release */ = {
			isa = XCBuildConfiguration;
			buildSettings = {
				ASSETCATALOG_COMPILER_APPICON_NAME = AppIcon;
				ASSETCATALOG_COMPILER_GLOBAL_ACCENT_COLOR_NAME = AccentColor;
				CODE_SIGN_STYLE = Automatic;
				CURRENT_PROJECT_VERSION = 1;
				DEVELOPMENT_TEAM = 67A656CXMY;
				GENERATE_INFOPLIST_FILE = YES;
				INFOPLIST_FILE = hwk16_Burger/Info.plist;
				INFOPLIST_KEY_UIApplicationSupportsIndirectInputEvents = YES;
				INFOPLIST_KEY_UILaunchStoryboardName = LaunchScreen;
				INFOPLIST_KEY_UIMainStoryboardFile = Main;
				INFOPLIST_KEY_UISupportedInterfaceOrientations = UIInterfaceOrientationPortrait;
				INFOPLIST_KEY_UISupportedInterfaceOrientations_iPad = "UIInterfaceOrientationPortrait UIInterfaceOrientationPortraitUpsideDown UIInterfaceOrientationLandscapeLeft UIInterfaceOrientationLandscapeRight";
				INFOPLIST_KEY_UISupportedInterfaceOrientations_iPhone = "UIInterfaceOrientationPortrait UIInterfaceOrientationLandscapeLeft UIInterfaceOrientationLandscapeRight";
				LD_RUNPATH_SEARCH_PATHS = (
					"$(inherited)",
					"@executable_path/Frameworks",
				);
				MARKETING_VERSION = 1.0;
				PRODUCT_BUNDLE_IDENTIFIER = "Kyzu.hwk16-Burger";
				PRODUCT_NAME = "$(TARGET_NAME)";
				SWIFT_EMIT_LOC_STRINGS = YES;
				SWIFT_VERSION = 5.0;
				TARGETED_DEVICE_FAMILY = "1,2";
			};
			name = Release;
		};
/* End XCBuildConfiguration section */

/* Begin XCConfigurationList section */
		67845FF127D3C49B00A028EB /* Build configuration list for PBXProject "hwk16_Burger" */ = {
			isa = XCConfigurationList;
			buildConfigurations = (
				6784600827D3C49C00A028EB /* Debug */,
				6784600927D3C49C00A028EB /* Release */,
			);
			defaultConfigurationIsVisible = 0;
			defaultConfigurationName = Release;
		};
		6784600A27D3C49C00A028EB /* Build configuration list for PBXNativeTarget "hwk16_Burger" */ = {
			isa = XCConfigurationList;
			buildConfigurations = (
				6784600B27D3C49C00A028EB /* Debug */,
				6784600C27D3C49C00A028EB /* Release */,
			);
			defaultConfigurationIsVisible = 0;
			defaultConfigurationName = Release;
		};
/* End XCConfigurationList section */
	};
	rootObject = 67845FEE27D3C49B00A028EB /* Project object */;
}
